PODS:
  - Alamofire (5.2.2)
  - Moya (14.0.0):
    - Moya/Core (= 14.0.0)
  - Moya-ObjectMapper (2.9):
    - Moya-ObjectMapper/Core (= 2.9)
  - Moya-ObjectMapper/Core (2.9):
    - Moya (~> 14.0.0-beta.6)
    - ObjectMapper
  - Moya/Core (14.0.0):
    - Alamofire (~> 5.0)
  - ObjectMapper (4.2.0)
  - RPHTTPServiceClient (2.1.0):
    - Alamofire (= 5.2.2)
    - Moya (= 14.0.0)
    - Moya-ObjectMapper (= 2.9)
    - ObjectMapper (= 4.2.0)

DEPENDENCIES:
  - Alamofire (~> 5.2.2)
  - Moya (= 14.0.0)
  - Moya-ObjectMapper (= 2.9)
  - ObjectMapper (~> 4.2.0)
  - RPHTTPServiceClient (from `../`)

SPEC REPOS:
  trunk:
    - Alamofire
    - Moya
    - Moya-ObjectMapper
    - ObjectMapper

EXTERNAL SOURCES:
  RPHTTPServiceClient:
    :path: "../"

SPEC CHECKSUMS:
  Alamofire: 814429acc853c6c54ff123fc3d2ef66803823ce0
  Moya: 5b45dacb75adb009f97fde91c204c1e565d31916
  Moya-ObjectMapper: 967a99d9ea3aa9c93ddbe112aeca3667f53bfe93
  ObjectMapper: 1eb41f610210777375fa806bf161dc39fb832b81
  RPHTTPServiceClient: c16addc7b9e5c693d3a5530267bf964c05c8ab00

PODFILE CHECKSUM: 062b80d154b58a85760f2504786554187cbeab52

COCOAPODS: 1.10.0.beta.2
