PODS:
  - Alamofire (4.7.0)
  - Moya (11.0.2):
    - Moya/Core (= 11.0.2)
  - Moya-ObjectMapper (2.7):
    - Moya-ObjectMapper/Core (= 2.7)
  - Moya-ObjectMapper/Core (2.7):
    - Moya (~> 11)
    - ObjectMapper (~> 3.3)
  - Moya/Core (11.0.2):
    - Alamofire (~> 4.1)
    - Result (~> 3.0)
  - ObjectMapper (3.3.0)
  - Result (3.2.4)
  - RPHTTPServiceClient (0.11.3):
    - Alamofire (= 4.7)
    - Moya (= 11.0.2)
    - Moya-ObjectMapper (= 2.7)
    - ObjectMapper (= 3.3)

DEPENDENCIES:
  - Alamofire (= 4.7)
  - Moya (= 11.0.2)
  - Moya-ObjectMapper (= 2.7)
  - ObjectMapper (= 3.3)
  - RPHTTPServiceClient (from `../`)

EXTERNAL SOURCES:
  RPHTTPServiceClient:
    :path: ../

SPEC CHECKSUMS:
  Alamofire: 907e0a98eb68cdb7f9d1f541a563d6ac5dc77b25
  Moya: a725035953bc1c0eb1be505ab903984501d82440
  Moya-ObjectMapper: 441caa307b527331fde59e2577adc632a16f1255
  ObjectMapper: b612bf8c8e99c4dc0bb6013a51f7c27966ed5da9
  Result: d2d07204ce72856f1fd9130bbe42c35a7b0fea10
  RPHTTPServiceClient: 2d77b4659e1a326f437e5ea5e7df0f151427f6c0

PODFILE CHECKSUM: b4d7a05d9e68e23ab8d49447340d63722b09631c

COCOAPODS: 1.4.0
